
Microsoft Visual Studio Solution File, Format Version 12.00
# Visual Studio Version 16
VisualStudioVersion = 16.0.34601.136
MinimumVisualStudioVersion = 10.0.40219.1
Project("{FAE04EC0-301F-11D3-BF4B-00C04F79EFBC}") = "MainMethodAssignment", "MainMethodAssignment\MainMethodAssignment.csproj", "{0DF84F21-0957-4733-9BDA-2614BBB55E2D}"
EndProject
Global
	GlobalSection(SolutionConfigurationPlatforms) = preSolution
		Debug|Any CPU = Debug|Any CPU
		Release|Any CPU = Release|Any CPU
	EndGlobalSection
	GlobalSection(ProjectConfigurationPlatforms) = postSolution
		{0DF84F21-0957-4733-9BDA-2614BBB55E2D}.Debug|Any CPU.ActiveCfg = Debug|Any CPU
		{0DF84F21-0957-4733-9BDA-2614BBB55E2D}.Debug|Any CPU.Build.0 = Debug|Any CPU
		{0DF84F21-0957-4733-9BDA-2614BBB55E2D}.Release|Any CPU.ActiveCfg = Release|Any CPU
		{0DF84F21-0957-4733-9BDA-2614BBB55E2D}.Release|Any CPU.Build.0 = Release|Any CPU
	EndGlobalSection
	GlobalSection(SolutionProperties) = preSolution
		HideSolutionNode = FALSE
	EndGlobalSection
	GlobalSection(ExtensibilityGlobals) = postSolution
		SolutionGuid = {8558A32D-0E0A-435F-A838-53EC0C3732B0}
	EndGlobalSection
EndGlobal
