
Microsoft Visual Studio Solution File, Format Version 12.00
# Visual Studio Version 16
VisualStudioVersion = 16.0.34601.136
MinimumVisualStudioVersion = 10.0.40219.1
Project("{FAE04EC0-301F-11D3-BF4B-00C04F79EFBC}") = "ConsoleAppProject", "ConsoleAppProject\ConsoleAppProject.csproj", "{C4D56607-6DAE-47BA-A37B-CBF16CC0BA8D}"
EndProject
Global
	GlobalSection(SolutionConfigurationPlatforms) = preSolution
		Debug|Any CPU = Debug|Any CPU
		Release|Any CPU = Release|Any CPU
	EndGlobalSection
	GlobalSection(ProjectConfigurationPlatforms) = postSolution
		{C4D56607-6DAE-47BA-A37B-CBF16CC0BA8D}.Debug|Any CPU.ActiveCfg = Debug|Any CPU
		{C4D56607-6DAE-47BA-A37B-CBF16CC0BA8D}.Debug|Any CPU.Build.0 = Debug|Any CPU
		{C4D56607-6DAE-47BA-A37B-CBF16CC0BA8D}.Release|Any CPU.ActiveCfg = Release|Any CPU
		{C4D56607-6DAE-47BA-A37B-CBF16CC0BA8D}.Release|Any CPU.Build.0 = Release|Any CPU
	EndGlobalSection
	GlobalSection(SolutionProperties) = preSolution
		HideSolutionNode = FALSE
	EndGlobalSection
	GlobalSection(ExtensibilityGlobals) = postSolution
		SolutionGuid = {48EDD0E3-9F29-4DF9-A9E1-6BA5827EC7B8}
	EndGlobalSection
EndGlobal
