
Microsoft Visual Studio Solution File, Format Version 12.00
# Visual Studio Version 16
VisualStudioVersion = 16.0.34601.136
MinimumVisualStudioVersion = 10.0.40219.1
Project("{FAE04EC0-301F-11D3-BF4B-00C04F79EFBC}") = "StringChallenge", "StringChallenge\StringChallenge.csproj", "{EA118AE3-42DA-4D63-B007-A00F0411F457}"
EndProject
Global
	GlobalSection(SolutionConfigurationPlatforms) = preSolution
		Debug|Any CPU = Debug|Any CPU
		Release|Any CPU = Release|Any CPU
	EndGlobalSection
	GlobalSection(ProjectConfigurationPlatforms) = postSolution
		{EA118AE3-42DA-4D63-B007-A00F0411F457}.Debug|Any CPU.ActiveCfg = Debug|Any CPU
		{EA118AE3-42DA-4D63-B007-A00F0411F457}.Debug|Any CPU.Build.0 = Debug|Any CPU
		{EA118AE3-42DA-4D63-B007-A00F0411F457}.Release|Any CPU.ActiveCfg = Release|Any CPU
		{EA118AE3-42DA-4D63-B007-A00F0411F457}.Release|Any CPU.Build.0 = Release|Any CPU
	EndGlobalSection
	GlobalSection(SolutionProperties) = preSolution
		HideSolutionNode = FALSE
	EndGlobalSection
	GlobalSection(ExtensibilityGlobals) = postSolution
		SolutionGuid = {462D66E0-1ED4-4891-A9EB-24DAC0235897}
	EndGlobalSection
EndGlobal
